
Microsoft Visual Studio Solution File, Format Version 12.00
# Visual Studio Version 16
VisualStudioVersion = 16.0.29509.3
MinimumVisualStudioVersion = 10.0.40219.1
Project("{FAE04EC0-301F-11D3-BF4B-00C04F79EFBC}") = "livetime", "livetime\livetime.csproj", "{04B7E585-A294-4E22-923B-887C98C075EF}"
EndProject
Global
	GlobalSection(SolutionConfigurationPlatforms) = preSolution
		Debug|Any CPU = Debug|Any CPU
		Release|Any CPU = Release|Any CPU
	EndGlobalSection
	GlobalSection(ProjectConfigurationPlatforms) = postSolution
		{04B7E585-A294-4E22-923B-887C98C075EF}.Debug|Any CPU.ActiveCfg = Debug|Any CPU
		{04B7E585-A294-4E22-923B-887C98C075EF}.Debug|Any CPU.Build.0 = Debug|Any CPU
		{04B7E585-A294-4E22-923B-887C98C075EF}.Release|Any CPU.ActiveCfg = Release|Any CPU
		{04B7E585-A294-4E22-923B-887C98C075EF}.Release|Any CPU.Build.0 = Release|Any CPU
	EndGlobalSection
	GlobalSection(SolutionProperties) = preSolution
		HideSolutionNode = FALSE
	EndGlobalSection
	GlobalSection(ExtensibilityGlobals) = postSolution
		SolutionGuid = {39E55F2A-98C2-4085-833E-5B33CBC217A6}
	EndGlobalSection
EndGlobal
